<Solution>
  <Project Path="../Array/Array.csproj" Id="203639dd-3a58-42b5-93ee-6015260bb134" />
  <Project Path="../EstruturaRepetição/EstruturaRepetição.csproj" Id="8e551969-7442-434a-a5c1-082eea476787" />
  <Project Path="../OperadorComparacao/OperadorComparacao.csproj" Id="0cc34767-964d-4e92-b018-135eace31988" />
  <Project Path="FundaementosDeC#.csproj" />
</Solution>
